
Microsoft Visual Studio Solution File, Format Version 12.00
# Visual Studio Version 17
VisualStudioVersion = 17.2.32616.157
MinimumVisualStudioVersion = 10.0.40219.1
Project("{8BC9CEB8-8B4A-11D0-8D11-00A0C91BC942}") = "MultiKeyboard", "MultiKeyboard.vcxproj", "{BA6EE1B0-9A11-46D8-BA02-BEECC010BFE7}"
EndProject
Global
	GlobalSection(SolutionConfigurationPlatforms) = preSolution
		Debug|x64 = Debug|x64
		Debug|x86 = Debug|x86
		Release|x64 = Release|x64
		Release|x86 = Release|x86
	EndGlobalSection
	GlobalSection(ProjectConfigurationPlatforms) = postSolution
		{BA6EE1B0-9A11-46D8-BA02-BEECC010BFE7}.Debug|x64.ActiveCfg = Debug|x64
		{BA6EE1B0-9A11-46D8-BA02-BEECC010BFE7}.Debug|x64.Build.0 = Debug|x64
		{BA6EE1B0-9A11-46D8-BA02-BEECC010BFE7}.Debug|x86.ActiveCfg = Debug|Win32
		{BA6EE1B0-9A11-46D8-BA02-BEECC010BFE7}.Debug|x86.Build.0 = Debug|Win32
		{BA6EE1B0-9A11-46D8-BA02-BEECC010BFE7}.Release|x64.ActiveCfg = Release|x64
		{BA6EE1B0-9A11-46D8-BA02-BEECC010BFE7}.Release|x64.Build.0 = Release|x64
		{BA6EE1B0-9A11-46D8-BA02-BEECC010BFE7}.Release|x86.ActiveCfg = Release|Win32
		{BA6EE1B0-9A11-46D8-BA02-BEECC010BFE7}.Release|x86.Build.0 = Release|Win32
	EndGlobalSection
	GlobalSection(SolutionProperties) = preSolution
		HideSolutionNode = FALSE
	EndGlobalSection
	GlobalSection(ExtensibilityGlobals) = postSolution
		SolutionGuid = {9309C315-E4A4-4539-87F0-38136F0CD216}
	EndGlobalSection
EndGlobal
